
Microsoft Visual Studio Solution File, Format Version 12.00
# Visual Studio Version 17
VisualStudioVersion = 17.3.32811.315
MinimumVisualStudioVersion = 10.0.40219.1
Project("{8BC9CEB8-8B4A-11D0-8D11-00A0C91BC942}") = "TestProject", "TestProject\TestProject.vcxproj", "{B111B616-DEE3-43CC-AEE1-0DB1FC7E4D91}"
EndProject
Project("{8BC9CEB8-8B4A-11D0-8D11-00A0C91BC942}") = "TestProject2", "TestProject2\TestProject2.vcxproj", "{94734698-A5B0-404D-B57A-46110C306DBF}"
EndProject
Global
	GlobalSection(SolutionConfigurationPlatforms) = preSolution
		Debug|x64 = Debug|x64
		Debug|x86 = Debug|x86
		Release|x64 = Release|x64
		Release|x86 = Release|x86
	EndGlobalSection
	GlobalSection(ProjectConfigurationPlatforms) = postSolution
		{B111B616-DEE3-43CC-AEE1-0DB1FC7E4D91}.Debug|x64.ActiveCfg = Debug|x64
		{B111B616-DEE3-43CC-AEE1-0DB1FC7E4D91}.Debug|x64.Build.0 = Debug|x64
		{B111B616-DEE3-43CC-AEE1-0DB1FC7E4D91}.Debug|x86.ActiveCfg = Debug|Win32
		{B111B616-DEE3-43CC-AEE1-0DB1FC7E4D91}.Debug|x86.Build.0 = Debug|Win32
		{B111B616-DEE3-43CC-AEE1-0DB1FC7E4D91}.Release|x64.ActiveCfg = Release|x64
		{B111B616-DEE3-43CC-AEE1-0DB1FC7E4D91}.Release|x64.Build.0 = Release|x64
		{B111B616-DEE3-43CC-AEE1-0DB1FC7E4D91}.Release|x86.ActiveCfg = Release|Win32
		{B111B616-DEE3-43CC-AEE1-0DB1FC7E4D91}.Release|x86.Build.0 = Release|Win32
		{94734698-A5B0-404D-B57A-46110C306DBF}.Debug|x64.ActiveCfg = Debug|x64
		{94734698-A5B0-404D-B57A-46110C306DBF}.Debug|x64.Build.0 = Debug|x64
		{94734698-A5B0-404D-B57A-46110C306DBF}.Debug|x86.ActiveCfg = Debug|Win32
		{94734698-A5B0-404D-B57A-46110C306DBF}.Debug|x86.Build.0 = Debug|Win32
		{94734698-A5B0-404D-B57A-46110C306DBF}.Release|x64.ActiveCfg = Release|x64
		{94734698-A5B0-404D-B57A-46110C306DBF}.Release|x64.Build.0 = Release|x64
		{94734698-A5B0-404D-B57A-46110C306DBF}.Release|x86.ActiveCfg = Release|Win32
		{94734698-A5B0-404D-B57A-46110C306DBF}.Release|x86.Build.0 = Release|Win32
	EndGlobalSection
	GlobalSection(SolutionProperties) = preSolution
		HideSolutionNode = FALSE
	EndGlobalSection
	GlobalSection(ExtensibilityGlobals) = postSolution
		SolutionGuid = {9A613B09-B0FE-449D-93C7-A53231FDCCA4}
	EndGlobalSection
EndGlobal
